
Microsoft Visual Studio Solution File, Format Version 12.00
# Visual Studio 15
VisualStudioVersion = 15.0.28010.2046
MinimumVisualStudioVersion = 10.0.40219.1
Project("{FAE04EC0-301F-11D3-BF4B-00C04F79EFBC}") = "SenseNet.MailProcessing", "SenseNet.MailProcessing\SenseNet.MailProcessing.csproj", "{2A064215-8FE4-4452-AC4E-FFDAB5404068}"
EndProject
Project("{2150E333-8FDC-42A3-9474-1A3956D46DE8}") = "Solution items", "Solution items", "{5BE107C4-4FFD-46A5-882F-CBC095667445}"
	ProjectSection(SolutionItems) = preProject
		..\tools\scripts\CreateNuGetPackages.ps1 = ..\tools\scripts\CreateNuGetPackages.ps1
		nuget\snadmin\install-mailprocessing\manifest.xml = nuget\snadmin\install-mailprocessing\manifest.xml
		nuget\readme.txt = nuget\readme.txt
	EndProjectSection
EndProject
Global
	GlobalSection(SolutionConfigurationPlatforms) = preSolution
		Debug|Any CPU = Debug|Any CPU
		Release|Any CPU = Release|Any CPU
	EndGlobalSection
	GlobalSection(ProjectConfigurationPlatforms) = postSolution
		{2A064215-8FE4-4452-AC4E-FFDAB5404068}.Debug|Any CPU.ActiveCfg = Debug|Any CPU
		{2A064215-8FE4-4452-AC4E-FFDAB5404068}.Debug|Any CPU.Build.0 = Debug|Any CPU
		{2A064215-8FE4-4452-AC4E-FFDAB5404068}.Release|Any CPU.ActiveCfg = Release|Any CPU
		{2A064215-8FE4-4452-AC4E-FFDAB5404068}.Release|Any CPU.Build.0 = Release|Any CPU
	EndGlobalSection
	GlobalSection(SolutionProperties) = preSolution
		HideSolutionNode = FALSE
	EndGlobalSection
	GlobalSection(ExtensibilityGlobals) = postSolution
		SolutionGuid = {C99667D7-7B2B-41F9-981D-E2638043257F}
	EndGlobalSection
EndGlobal
